// !$*UTF8*$!
{
	archiveVersion = 1;
	classes = {
	};
	objectVersion = 50;
	objects = {

/* Begin PBXBuildFile section */
		D7700B4E288FCE6700590817 /* AppDelegate.swift in Sources */ = {isa = PBXBuildFile; fileRef = D7700B4D288FCE6700590817 /* AppDelegate.swift */; };
		D7700B50288FCE6700590817 /* SceneDelegate.swift in Sources */ = {isa = PBXBuildFile; fileRef = D7700B4F288FCE6700590817 /* SceneDelegate.swift */; };
		D7700B52288FCE6700590817 /* ViewController.swift in Sources */ = {isa = PBXBuildFile; fileRef = D7700B51288FCE6700590817 /* ViewController.swift */; };
		D7700B55288FCE6700590817 /* Main.storyboard in Resources */ = {isa = PBXBuildFile; fileRef = D7700B53288FCE6700590817 /* Main.storyboard */; };
		D7700B58288FCE6700590817 /* GCD.xcdatamodeld in Sources */ = {isa = PBXBuildFile; fileRef = D7700B56288FCE6700590817 /* GCD.xcdatamodeld */; };
		D7700B5A288FCE6800590817 /* Assets.xcassets in Resources */ = {isa = PBXBuildFile; fileRef = D7700B59288FCE6800590817 /* Assets.xcassets */; };
		D7700B5D288FCE6800590817 /* LaunchScreen.storyboard in Resources */ = {isa = PBXBuildFile; fileRef = D7700B5B288FCE6800590817 /* LaunchScreen.storyboard */; };
		D7700B65288FD13800590817 /* SecondVC.swift in Sources */ = {isa = PBXBuildFile; fileRef = D7700B64288FD13800590817 /* SecondVC.swift */; };
/* End PBXBuildFile section */

/* Begin PBXFileReference section */
		D7700B4A288FCE6700590817 /* GCD.app */ = {isa = PBXFileReference; explicitFileType = wrapper.application; includeInIndex = 0; path = GCD.app; sourceTree = BUILT_PRODUCTS_DIR; };
		D7700B4D288FCE6700590817 /* AppDelegate.swift */ = {isa = PBXFileReference; lastKnownFileType = sourcecode.swift; path = AppDelegate.swift; sourceTree = "<group>"; };
		D7700B4F288FCE6700590817 /* SceneDelegate.swift */ = {isa = PBXFileReference; lastKnownFileType = sourcecode.swift; path = SceneDelegate.swift; sourceTree = "<group>"; };
		D7700B51288FCE6700590817 /* ViewController.swift */ = {isa = PBXFileReference; lastKnownFileType = sourcecode.swift; path = ViewController.swift; sourceTree = "<group>"; };
		D7700B54288FCE6700590817 /* Base */ = {isa = PBXFileReference; lastKnownFileType = file.storyboard; name = Base; path = Base.lproj/Main.storyboard; sourceTree = "<group>"; };
		D7700B57288FCE6700590817 /* GCD.xcdatamodel */ = {isa = PBXFileReference; lastKnownFileType = wrapper.xcdatamodel; path = GCD.xcdatamodel; sourceTree = "<group>"; };
		D7700B59288FCE6800590817 /* Assets.xcassets */ = {isa = PBXFileReference; lastKnownFileType = folder.assetcatalog; path = Assets.xcassets; sourceTree = "<group>"; };
		D7700B5C288FCE6800590817 /* Base */ = {isa = PBXFileReference; lastKnownFileType = file.storyboard; name = Base; path = Base.lproj/LaunchScreen.storyboard; sourceTree = "<group>"; };
		D7700B5E288FCE6800590817 /* Info.plist */ = {isa = PBXFileReference; lastKnownFileType = text.plist.xml; path = Info.plist; sourceTree = "<group>"; };
		D7700B64288FD13800590817 /* SecondVC.swift */ = {isa = PBXFileReference; lastKnownFileType = sourcecode.swift; path = SecondVC.swift; sourceTree = "<group>"; };
/* End PBXFileReference section */

/* Begin PBXFrameworksBuildPhase section */
		D7700B47288FCE6700590817 /* Frameworks */ = {
			isa = PBXFrameworksBuildPhase;
			buildActionMask = 2147483647;
			files = (
			);
			runOnlyForDeploymentPostprocessing = 0;
		};
/* End PBXFrameworksBuildPhase section */

/* Begin PBXGroup section */
		D7700B41288FCE6700590817 = {
			isa = PBXGroup;
			children = (
				D7700B4C288FCE6700590817 /* GCD */,
				D7700B4B288FCE6700590817 /* Products */,
			);
			sourceTree = "<group>";
		};
		D7700B4B288FCE6700590817 /* Products */ = {
			isa = PBXGroup;
			children = (
				D7700B4A288FCE6700590817 /* GCD.app */,
			);
			name = Products;
			sourceTree = "<group>";
		};
		D7700B4C288FCE6700590817 /* GCD */ = {
			isa = PBXGroup;
			children = (
				D7700B4D288FCE6700590817 /* AppDelegate.swift */,
				D7700B4F288FCE6700590817 /* SceneDelegate.swift */,
				D7700B51288FCE6700590817 /* ViewController.swift */,
				D7700B64288FD13800590817 /* SecondVC.swift */,
				D7700B53288FCE6700590817 /* Main.storyboard */,
				D7700B59288FCE6800590817 /* Assets.xcassets */,
				D7700B5B288FCE6800590817 /* LaunchScreen.storyboard */,
				D7700B5E288FCE6800590817 /* Info.plist */,
				D7700B56288FCE6700590817 /* GCD.xcdatamodeld */,
			);
			path = GCD;
			sourceTree = "<group>";
		};
/* End PBXGroup section */

/* Begin PBXNativeTarget section */
		D7700B49288FCE6700590817 /* GCD */ = {
			isa = PBXNativeTarget;
			buildConfigurationList = D7700B61288FCE6800590817 /* Build configuration list for PBXNativeTarget "GCD" */;
			buildPhases = (
				D7700B46288FCE6700590817 /* Sources */,
				D7700B47288FCE6700590817 /* Frameworks */,
				D7700B48288FCE6700590817 /* Resources */,
			);
			buildRules = (
			);
			dependencies = (
			);
			name = GCD;
			productName = GCD;
			productReference = D7700B4A288FCE6700590817 /* GCD.app */;
			productType = "com.apple.product-type.application";
		};
/* End PBXNativeTarget section */

/* Begin PBXProject section */
		D7700B42288FCE6700590817 /* Project object */ = {
			isa = PBXProject;
			attributes = {
				LastSwiftUpdateCheck = 1130;
				LastUpgradeCheck = 1130;
				ORGANIZATIONNAME = "Nusrat Ganiyev";
				TargetAttributes = {
					D7700B49288FCE6700590817 = {
						CreatedOnToolsVersion = 11.3.1;
					};
				};
			};
			buildConfigurationList = D7700B45288FCE6700590817 /* Build configuration list for PBXProject "GCD" */;
			compatibilityVersion = "Xcode 9.3";
			developmentRegion = en;
			hasScannedForEncodings = 0;
			knownRegions = (
				en,
				Base,
			);
			mainGroup = D7700B41288FCE6700590817;
			productRefGroup = D7700B4B288FCE6700590817 /* Products */;
			projectDirPath = "";
			projectRoot = "";
			targets = (
				D7700B49288FCE6700590817 /* GCD */,
			);
		};
/* End PBXProject section */

/* Begin PBXResourcesBuildPhase section */
		D7700B48288FCE6700590817 /* Resources */ = {
			isa = PBXResourcesBuildPhase;
			buildActionMask = 2147483647;
			files = (
				D7700B5D288FCE6800590817 /* LaunchScreen.storyboard in Resources */,
				D7700B5A288FCE6800590817 /* Assets.xcassets in Resources */,
				D7700B55288FCE6700590817 /* Main.storyboard in Resources */,
			);
			runOnlyForDeploymentPostprocessing = 0;
		};
/* End PBXResourcesBuildPhase section */

/* Begin PBXSourcesBuildPhase section */
		D7700B46288FCE6700590817 /* Sources */ = {
			isa = PBXSourcesBuildPhase;
			buildActionMask = 2147483647;
			files = (
				D7700B52288FCE6700590817 /* ViewController.swift in Sources */,
				D7700B65288FD13800590817 /* SecondVC.swift in Sources */,
				D7700B4E288FCE6700590817 /* AppDelegate.swift in Sources */,
				D7700B58288FCE6700590817 /* GCD.xcdatamodeld in Sources */,
				D7700B50288FCE6700590817 /* SceneDelegate.swift in Sources */,
			);
			runOnlyForDeploymentPostprocessing = 0;
		};
/* End PBXSourcesBuildPhase section */

/* Begin PBXVariantGroup section */
		D7700B53288FCE6700590817 /* Main.storyboard */ = {
			isa = PBXVariantGroup;
			children = (
				D7700B54288FCE6700590817 /* Base */,
			);
			name = Main.storyboard;
			sourceTree = "<group>";
		};
		D7700B5B288FCE6800590817 /* LaunchScreen.storyboard */ = {
			isa = PBXVariantGroup;
			children = (
				D7700B5C288FCE6800590817 /* Base */,
			);
			name = LaunchScreen.storyboard;
			sourceTree = "<group>";
		};
/* End PBXVariantGroup section */

/* Begin XCBuildConfiguration section */
		D7700B5F288FCE6800590817 /* Debug */ = {
			isa = XCBuildConfiguration;
			buildSettings = {
				ALWAYS_SEARCH_USER_PATHS = NO;
				CLANG_ANALYZER_NONNULL = YES;
				CLANG_ANALYZER_NUMBER_OBJECT_CONVERSION = YES_AGGRESSIVE;
				CLANG_CXX_LANGUAGE_STANDARD = "gnu++14";
				CLANG_CXX_LIBRARY = "libc++";
				CLANG_ENABLE_MODULES = YES;
				CLANG_ENABLE_OBJC_ARC = YES;
				CLANG_ENABLE_OBJC_WEAK = YES;
				CLANG_WARN_BLOCK_CAPTURE_AUTORELEASING = YES;
				CLANG_WARN_BOOL_CONVERSION = YES;
				CLANG_WARN_COMMA = YES;
				CLANG_WARN_CONSTANT_CONVERSION = YES;
				CLANG_WARN_DEPRECATED_OBJC_IMPLEMENTATIONS = YES;
				CLANG_WARN_DIRECT_OBJC_ISA_USAGE = YES_ERROR;
				CLANG_WARN_DOCUMENTATION_COMMENTS = YES;
				CLANG_WARN_EMPTY_BODY = YES;
				CLANG_WARN_ENUM_CONVERSION = YES;
				CLANG_WARN_INFINITE_RECURSION = YES;
				CLANG_WARN_INT_CONVERSION = YES;
				CLANG_WARN_NON_LITERAL_NULL_CONVERSION = YES;
				CLANG_WARN_OBJC_IMPLICIT_RETAIN_SELF = YES;
				CLANG_WARN_OBJC_LITERAL_CONVERSION = YES;
				CLANG_WARN_OBJC_ROOT_CLASS = YES_ERROR;
				CLANG_WARN_RANGE_LOOP_ANALYSIS = YES;
				CLANG_WARN_STRICT_PROTOTYPES = YES;
				CLANG_WARN_SUSPICIOUS_MOVE = YES;
				CLANG_WARN_UNGUARDED_AVAILABILITY = YES_AGGRESSIVE;
				CLANG_WARN_UNREACHABLE_CODE = YES;
				CLANG_WARN__DUPLICATE_METHOD_MATCH = YES;
				COPY_PHASE_STRIP = NO;
				DEBUG_INFORMATION_FORMAT = dwarf;
				ENABLE_STRICT_OBJC_MSGSEND = YES;
				ENABLE_TESTABILITY = YES;
				GCC_C_LANGUAGE_STANDARD = gnu11;
				GCC_DYNAMIC_NO_PIC = NO;
				GCC_NO_COMMON_BLOCKS = YES;
				GCC_OPTIMIZATION_LEVEL = 0;
				GCC_PREPROCESSOR_DEFINITIONS = (
					"DEBUG=1",
					"$(inherited)",
				);
				GCC_WARN_64_TO_32_BIT_CONVERSION = YES;
				GCC_WARN_ABOUT_RETURN_TYPE = YES_ERROR;
				GCC_WARN_UNDECLARED_SELECTOR = YES;
				GCC_WARN_UNINITIALIZED_AUTOS = YES_AGGRESSIVE;
				GCC_WARN_UNUSED_FUNCTION = YES;
				GCC_WARN_UNUSED_VARIABLE = YES;
				IPHONEOS_DEPLOYMENT_TARGET = 13.2;
				MTL_ENABLE_DEBUG_INFO = INCLUDE_SOURCE;
				MTL_FAST_MATH = YES;
				ONLY_ACTIVE_ARCH = YES;
				SDKROOT = iphoneos;
				SWIFT_ACTIVE_COMPILATION_CONDITIONS = DEBUG;
				SWIFT_OPTIMIZATION_LEVEL = "-Onone";
			};
			name = Debug;
		};
		D7700B60288FCE6800590817 /* Release */ = {
			isa = XCBuildConfiguration;
			buildSettings = {
				ALWAYS_SEARCH_USER_PATHS = NO;
				CLANG_ANALYZER_NONNULL = YES;
				CLANG_ANALYZER_NUMBER_OBJECT_CONVERSION = YES_AGGRESSIVE;
				CLANG_CXX_LANGUAGE_STANDARD = "gnu++14";
				CLANG_CXX_LIBRARY = "libc++";
				CLANG_ENABLE_MODULES = YES;
				CLANG_ENABLE_OBJC_ARC = YES;
				CLANG_ENABLE_OBJC_WEAK = YES;
				CLANG_WARN_BLOCK_CAPTURE_AUTORELEASING = YES;
				CLANG_WARN_BOOL_CONVERSION = YES;
				CLANG_WARN_COMMA = YES;
				CLANG_WARN_CONSTANT_CONVERSION = YES;
				CLANG_WARN_DEPRECATED_OBJC_IMPLEMENTATIONS = YES;
				CLANG_WARN_DIRECT_OBJC_ISA_USAGE = YES_ERROR;
				CLANG_WARN_DOCUMENTATION_COMMENTS = YES;
				CLANG_WARN_EMPTY_BODY = YES;
				CLANG_WARN_ENUM_CONVERSION = YES;
				CLANG_WARN_INFINITE_RECURSION = YES;
				CLANG_WARN_INT_CONVERSION = YES;
				CLANG_WARN_NON_LITERAL_NULL_CONVERSION = YES;
				CLANG_WARN_OBJC_IMPLICIT_RETAIN_SELF = YES;
				CLANG_WARN_OBJC_LITERAL_CONVERSION = YES;
				CLANG_WARN_OBJC_ROOT_CLASS = YES_ERROR;
				CLANG_WARN_RANGE_LOOP_ANALYSIS = YES;
				CLANG_WARN_STRICT_PROTOTYPES = YES;
				CLANG_WARN_SUSPICIOUS_MOVE = YES;
				CLANG_WARN_UNGUARDED_AVAILABILITY = YES_AGGRESSIVE;
				CLANG_WARN_UNREACHABLE_CODE = YES;
				CLANG_WARN__DUPLICATE_METHOD_MATCH = YES;
				COPY_PHASE_STRIP = NO;
				DEBUG_INFORMATION_FORMAT = "dwarf-with-dsym";
				ENABLE_NS_ASSERTIONS = NO;
				ENABLE_STRICT_OBJC_MSGSEND = YES;
				GCC_C_LANGUAGE_STANDARD = gnu11;
				GCC_NO_COMMON_BLOCKS = YES;
				GCC_WARN_64_TO_32_BIT_CONVERSION = YES;
				GCC_WARN_ABOUT_RETURN_TYPE = YES_ERROR;
				GCC_WARN_UNDECLARED_SELECTOR = YES;
				GCC_WARN_UNINITIALIZED_AUTOS = YES_AGGRESSIVE;
				GCC_WARN_UNUSED_FUNCTION = YES;
				GCC_WARN_UNUSED_VARIABLE = YES;
				IPHONEOS_DEPLOYMENT_TARGET = 13.2;
				MTL_ENABLE_DEBUG_INFO = NO;
				MTL_FAST_MATH = YES;
				SDKROOT = iphoneos;
				SWIFT_COMPILATION_MODE = wholemodule;
				SWIFT_OPTIMIZATION_LEVEL = "-O";
				VALIDATE_PRODUCT = YES;
			};
			name = Release;
		};
		D7700B62288FCE6800590817 /* Debug */ = {
			isa = XCBuildConfiguration;
			buildSettings = {
				ASSETCATALOG_COMPILER_APPICON_NAME = AppIcon;
				CODE_SIGN_STYLE = Automatic;
				DEVELOPMENT_TEAM = 2QQV2U632U;
				INFOPLIST_FILE = GCD/Info.plist;
				LD_RUNPATH_SEARCH_PATHS = (
					"$(inherited)",
					"@executable_path/Frameworks",
				);
				PRODUCT_BUNDLE_IDENTIFIER = uz.islom.GCD;
				PRODUCT_NAME = "$(TARGET_NAME)";
				SWIFT_VERSION = 5.0;
				TARGETED_DEVICE_FAMILY = "1,2";
			};
			name = Debug;
		};
		D7700B63288FCE6800590817 /* Release */ = {
			isa = XCBuildConfiguration;
			buildSettings = {
				ASSETCATALOG_COMPILER_APPICON_NAME = AppIcon;
				CODE_SIGN_STYLE = Automatic;
				DEVELOPMENT_TEAM = 2QQV2U632U;
				INFOPLIST_FILE = GCD/Info.plist;
				LD_RUNPATH_SEARCH_PATHS = (
					"$(inherited)",
					"@executable_path/Frameworks",
				);
				PRODUCT_BUNDLE_IDENTIFIER = uz.islom.GCD;
				PRODUCT_NAME = "$(TARGET_NAME)";
				SWIFT_VERSION = 5.0;
				TARGETED_DEVICE_FAMILY = "1,2";
			};
			name = Release;
		};
/* End XCBuildConfiguration section */

/* Begin XCConfigurationList section */
		D7700B45288FCE6700590817 /* Build configuration list for PBXProject "GCD" */ = {
			isa = XCConfigurationList;
			buildConfigurations = (
				D7700B5F288FCE6800590817 /* Debug */,
				D7700B60288FCE6800590817 /* Release */,
			);
			defaultConfigurationIsVisible = 0;
			defaultConfigurationName = Release;
		};
		D7700B61288FCE6800590817 /* Build configuration list for PBXNativeTarget "GCD" */ = {
			isa = XCConfigurationList;
			buildConfigurations = (
				D7700B62288FCE6800590817 /* Debug */,
				D7700B63288FCE6800590817 /* Release */,
			);
			defaultConfigurationIsVisible = 0;
			defaultConfigurationName = Release;
		};
/* End XCConfigurationList section */

/* Begin XCVersionGroup section */
		D7700B56288FCE6700590817 /* GCD.xcdatamodeld */ = {
			isa = XCVersionGroup;
			children = (
				D7700B57288FCE6700590817 /* GCD.xcdatamodel */,
			);
			currentVersion = D7700B57288FCE6700590817 /* GCD.xcdatamodel */;
			path = GCD.xcdatamodeld;
			sourceTree = "<group>";
			versionGroupType = wrapper.xcdatamodel;
		};
/* End XCVersionGroup section */
	};
	rootObject = D7700B42288FCE6700590817 /* Project object */;
}
